
Microsoft Visual Studio Solution File, Format Version 12.00
# Visual Studio Version 16
VisualStudioVersion = 16.0.30011.22
MinimumVisualStudioVersion = 10.0.40219.1
Project("{9A19103F-16F7-4668-BE54-9A1E7A4F7556}") = "EthernaSSO", "src\EthernaSSO\EthernaSSO.csproj", "{28E5CA92-231F-468F-80FB-E9504AD590AA}"
EndProject
Project("{2150E333-8FDC-42A3-9474-1A3956D46DE8}") = "domain", "domain", "{BB9B2543-8741-4D95-AC15-35923C422E60}"
EndProject
Project("{9A19103F-16F7-4668-BE54-9A1E7A4F7556}") = "EthernaSSO.Domain", "src\EthernaSSO.Domain\EthernaSSO.Domain.csproj", "{7DB43EA0-640B-43FE-BB65-F570C0591F7F}"
EndProject
Project("{2150E333-8FDC-42A3-9474-1A3956D46DE8}") = "infrastructure", "infrastructure", "{5AE428C2-CD56-4E51-A229-3F4C137D9D83}"
EndProject
Project("{9A19103F-16F7-4668-BE54-9A1E7A4F7556}") = "EthernaSSO.Persistence", "src\EthernaSSO.Persistence\EthernaSSO.Persistence.csproj", "{AF83D80A-77BE-48C8-ABE3-D1373F20F2B0}"
EndProject
Project("{9A19103F-16F7-4668-BE54-9A1E7A4F7556}") = "EthernaSSO.Services", "src\EthernaSSO.Services\EthernaSSO.Services.csproj", "{8EE2E2BE-2FB6-4E96-8F34-08F9CDACFCFE}"
EndProject
Project("{2150E333-8FDC-42A3-9474-1A3956D46DE8}") = "src", "src", "{A0B68B53-E0DF-4EC9-AFAA-7476C8A26256}"
EndProject
Project("{2150E333-8FDC-42A3-9474-1A3956D46DE8}") = "test", "test", "{10DAD3ED-08F6-48B9-A298-60D0ABF3B2E2}"
EndProject
Project("{2150E333-8FDC-42A3-9474-1A3956D46DE8}") = "Solution Items", "Solution Items", "{1C01CDAC-366E-4F9B-8A52-25F7770FE92A}"
	ProjectSection(SolutionItems) = preProject
		.editorconfig = .editorconfig
		.gitignore = .gitignore
		GitVersion.yml = GitVersion.yml
		nuget.config = nuget.config
	EndProjectSection
EndProject
Project("{2150E333-8FDC-42A3-9474-1A3956D46DE8}") = "workflows", "workflows", "{61C8B690-EEA5-440E-B5B5-7C8D5098503C}"
	ProjectSection(SolutionItems) = preProject
		.github\workflows\build-test-deploy_master.yml = .github\workflows\build-test-deploy_master.yml
	EndProjectSection
EndProject
Global
	GlobalSection(SolutionConfigurationPlatforms) = preSolution
		Debug|Any CPU = Debug|Any CPU
		Release|Any CPU = Release|Any CPU
	EndGlobalSection
	GlobalSection(ProjectConfigurationPlatforms) = postSolution
		{28E5CA92-231F-468F-80FB-E9504AD590AA}.Debug|Any CPU.ActiveCfg = Debug|Any CPU
		{28E5CA92-231F-468F-80FB-E9504AD590AA}.Debug|Any CPU.Build.0 = Debug|Any CPU
		{28E5CA92-231F-468F-80FB-E9504AD590AA}.Release|Any CPU.ActiveCfg = Release|Any CPU
		{28E5CA92-231F-468F-80FB-E9504AD590AA}.Release|Any CPU.Build.0 = Release|Any CPU
		{7DB43EA0-640B-43FE-BB65-F570C0591F7F}.Debug|Any CPU.ActiveCfg = Debug|Any CPU
		{7DB43EA0-640B-43FE-BB65-F570C0591F7F}.Debug|Any CPU.Build.0 = Debug|Any CPU
		{7DB43EA0-640B-43FE-BB65-F570C0591F7F}.Release|Any CPU.ActiveCfg = Release|Any CPU
		{7DB43EA0-640B-43FE-BB65-F570C0591F7F}.Release|Any CPU.Build.0 = Release|Any CPU
		{AF83D80A-77BE-48C8-ABE3-D1373F20F2B0}.Debug|Any CPU.ActiveCfg = Debug|Any CPU
		{AF83D80A-77BE-48C8-ABE3-D1373F20F2B0}.Debug|Any CPU.Build.0 = Debug|Any CPU
		{AF83D80A-77BE-48C8-ABE3-D1373F20F2B0}.Release|Any CPU.ActiveCfg = Release|Any CPU
		{AF83D80A-77BE-48C8-ABE3-D1373F20F2B0}.Release|Any CPU.Build.0 = Release|Any CPU
		{8EE2E2BE-2FB6-4E96-8F34-08F9CDACFCFE}.Debug|Any CPU.ActiveCfg = Debug|Any CPU
		{8EE2E2BE-2FB6-4E96-8F34-08F9CDACFCFE}.Debug|Any CPU.Build.0 = Debug|Any CPU
		{8EE2E2BE-2FB6-4E96-8F34-08F9CDACFCFE}.Release|Any CPU.ActiveCfg = Release|Any CPU
		{8EE2E2BE-2FB6-4E96-8F34-08F9CDACFCFE}.Release|Any CPU.Build.0 = Release|Any CPU
	EndGlobalSection
	GlobalSection(SolutionProperties) = preSolution
		HideSolutionNode = FALSE
	EndGlobalSection
	GlobalSection(NestedProjects) = preSolution
		{28E5CA92-231F-468F-80FB-E9504AD590AA} = {A0B68B53-E0DF-4EC9-AFAA-7476C8A26256}
		{BB9B2543-8741-4D95-AC15-35923C422E60} = {A0B68B53-E0DF-4EC9-AFAA-7476C8A26256}
		{7DB43EA0-640B-43FE-BB65-F570C0591F7F} = {BB9B2543-8741-4D95-AC15-35923C422E60}
		{5AE428C2-CD56-4E51-A229-3F4C137D9D83} = {A0B68B53-E0DF-4EC9-AFAA-7476C8A26256}
		{AF83D80A-77BE-48C8-ABE3-D1373F20F2B0} = {5AE428C2-CD56-4E51-A229-3F4C137D9D83}
		{8EE2E2BE-2FB6-4E96-8F34-08F9CDACFCFE} = {BB9B2543-8741-4D95-AC15-35923C422E60}
		{61C8B690-EEA5-440E-B5B5-7C8D5098503C} = {1C01CDAC-366E-4F9B-8A52-25F7770FE92A}
	EndGlobalSection
	GlobalSection(ExtensibilityGlobals) = postSolution
		SolutionGuid = {6EB5F2B3-8912-4D50-BAB1-C3884E3BF3C0}
	EndGlobalSection
EndGlobal
